// !$*UTF8*$!
{
	archiveVersion = 1;
	classes = {
	};
	objectVersion = 50;
	objects = {

/* Begin PBXBuildFile section */
		89293031251D1A9B000745B1 /* AppDelegate.swift in Sources */ = {isa = PBXBuildFile; fileRef = 89293030251D1A9B000745B1 /* AppDelegate.swift */; };
		89293038251D1A9B000745B1 /* Main.storyboard in Resources */ = {isa = PBXBuildFile; fileRef = 89293036251D1A9B000745B1 /* Main.storyboard */; };
		8929303A251D1A9D000745B1 /* Assets.xcassets in Resources */ = {isa = PBXBuildFile; fileRef = 89293039251D1A9D000745B1 /* Assets.xcassets */; };
		8929303D251D1A9D000745B1 /* LaunchScreen.storyboard in Resources */ = {isa = PBXBuildFile; fileRef = 8929303B251D1A9D000745B1 /* LaunchScreen.storyboard */; };
		89293048251D1A9D000745B1 /* MinGalleryTests.swift in Sources */ = {isa = PBXBuildFile; fileRef = 89293047251D1A9D000745B1 /* MinGalleryTests.swift */; };
		89293059251D3EDE000745B1 /* ApplicationCoordinator.swift in Sources */ = {isa = PBXBuildFile; fileRef = 89293058251D3EDE000745B1 /* ApplicationCoordinator.swift */; };
		8929305B251D40CF000745B1 /* GalleryCoordinator.swift in Sources */ = {isa = PBXBuildFile; fileRef = 8929305A251D40CF000745B1 /* GalleryCoordinator.swift */; };
		8929305E251D41CB000745B1 /* GalleryViewController.swift in Sources */ = {isa = PBXBuildFile; fileRef = 8929305C251D41CB000745B1 /* GalleryViewController.swift */; };
		89293061251D42AC000745B1 /* Coordinator.swift in Sources */ = {isa = PBXBuildFile; fileRef = 89293060251D42AC000745B1 /* Coordinator.swift */; };
		895F221125221D9C00CDB51A /* GalleyViewModel.swift in Sources */ = {isa = PBXBuildFile; fileRef = 895F221025221D9C00CDB51A /* GalleyViewModel.swift */; };
		895F221325222B8100CDB51A /* Photos.swift in Sources */ = {isa = PBXBuildFile; fileRef = 895F221225222B8100CDB51A /* Photos.swift */; };
		895F221525222EA100CDB51A /* FlickrResponse.swift in Sources */ = {isa = PBXBuildFile; fileRef = 895F221425222EA100CDB51A /* FlickrResponse.swift */; };
		895F22172522307F00CDB51A /* Box.swift in Sources */ = {isa = PBXBuildFile; fileRef = 895F22162522307F00CDB51A /* Box.swift */; };
		895F221A252248F500CDB51A /* UIImageView+extension.swift in Sources */ = {isa = PBXBuildFile; fileRef = 895F2219252248F500CDB51A /* UIImageView+extension.swift */; };
		895F221C2522542600CDB51A /* PhotoCollectionViewCell.swift in Sources */ = {isa = PBXBuildFile; fileRef = 895F221B2522542600CDB51A /* PhotoCollectionViewCell.swift */; };
		89FE88C42522158F00D15837 /* GalleryService.swift in Sources */ = {isa = PBXBuildFile; fileRef = 89FE88C32522158F00D15837 /* GalleryService.swift */; };
		89FE88C62522160300D15837 /* Photo.swift in Sources */ = {isa = PBXBuildFile; fileRef = 89FE88C52522160300D15837 /* Photo.swift */; };
/* End PBXBuildFile section */

/* Begin PBXContainerItemProxy section */
		89293044251D1A9D000745B1 /* PBXContainerItemProxy */ = {
			isa = PBXContainerItemProxy;
			containerPortal = 89293025251D1A9B000745B1 /* Project object */;
			proxyType = 1;
			remoteGlobalIDString = 8929302C251D1A9B000745B1;
			remoteInfo = MinGallery;
		};
/* End PBXContainerItemProxy section */

/* Begin PBXFileReference section */
		8929302D251D1A9B000745B1 /* MinGallery.app */ = {isa = PBXFileReference; explicitFileType = wrapper.application; includeInIndex = 0; path = MinGallery.app; sourceTree = BUILT_PRODUCTS_DIR; };
		89293030251D1A9B000745B1 /* AppDelegate.swift */ = {isa = PBXFileReference; lastKnownFileType = sourcecode.swift; path = AppDelegate.swift; sourceTree = "<group>"; };
		89293037251D1A9B000745B1 /* Base */ = {isa = PBXFileReference; lastKnownFileType = file.storyboard; name = Base; path = Base.lproj/Main.storyboard; sourceTree = "<group>"; };
		89293039251D1A9D000745B1 /* Assets.xcassets */ = {isa = PBXFileReference; lastKnownFileType = folder.assetcatalog; path = Assets.xcassets; sourceTree = "<group>"; };
		8929303C251D1A9D000745B1 /* Base */ = {isa = PBXFileReference; lastKnownFileType = file.storyboard; name = Base; path = Base.lproj/LaunchScreen.storyboard; sourceTree = "<group>"; };
		8929303E251D1A9D000745B1 /* Info.plist */ = {isa = PBXFileReference; lastKnownFileType = text.plist.xml; path = Info.plist; sourceTree = "<group>"; };
		89293043251D1A9D000745B1 /* MinGalleryTests.xctest */ = {isa = PBXFileReference; explicitFileType = wrapper.cfbundle; includeInIndex = 0; path = MinGalleryTests.xctest; sourceTree = BUILT_PRODUCTS_DIR; };
		89293047251D1A9D000745B1 /* MinGalleryTests.swift */ = {isa = PBXFileReference; lastKnownFileType = sourcecode.swift; path = MinGalleryTests.swift; sourceTree = "<group>"; };
		89293049251D1A9D000745B1 /* Info.plist */ = {isa = PBXFileReference; lastKnownFileType = text.plist.xml; path = Info.plist; sourceTree = "<group>"; };
		89293058251D3EDE000745B1 /* ApplicationCoordinator.swift */ = {isa = PBXFileReference; lastKnownFileType = sourcecode.swift; path = ApplicationCoordinator.swift; sourceTree = "<group>"; };
		8929305A251D40CF000745B1 /* GalleryCoordinator.swift */ = {isa = PBXFileReference; lastKnownFileType = sourcecode.swift; path = GalleryCoordinator.swift; sourceTree = "<group>"; };
		8929305C251D41CB000745B1 /* GalleryViewController.swift */ = {isa = PBXFileReference; lastKnownFileType = sourcecode.swift; path = GalleryViewController.swift; sourceTree = "<group>"; };
		89293060251D42AC000745B1 /* Coordinator.swift */ = {isa = PBXFileReference; lastKnownFileType = sourcecode.swift; path = Coordinator.swift; sourceTree = "<group>"; };
		895F221025221D9C00CDB51A /* GalleyViewModel.swift */ = {isa = PBXFileReference; lastKnownFileType = sourcecode.swift; path = GalleyViewModel.swift; sourceTree = "<group>"; };
		895F221225222B8100CDB51A /* Photos.swift */ = {isa = PBXFileReference; lastKnownFileType = sourcecode.swift; path = Photos.swift; sourceTree = "<group>"; };
		895F221425222EA100CDB51A /* FlickrResponse.swift */ = {isa = PBXFileReference; lastKnownFileType = sourcecode.swift; path = FlickrResponse.swift; sourceTree = "<group>"; };
		895F22162522307F00CDB51A /* Box.swift */ = {isa = PBXFileReference; lastKnownFileType = sourcecode.swift; path = Box.swift; sourceTree = "<group>"; };
		895F2219252248F500CDB51A /* UIImageView+extension.swift */ = {isa = PBXFileReference; lastKnownFileType = sourcecode.swift; path = "UIImageView+extension.swift"; sourceTree = "<group>"; };
		895F221B2522542600CDB51A /* PhotoCollectionViewCell.swift */ = {isa = PBXFileReference; lastKnownFileType = sourcecode.swift; path = PhotoCollectionViewCell.swift; sourceTree = "<group>"; };
		89FE88C32522158F00D15837 /* GalleryService.swift */ = {isa = PBXFileReference; lastKnownFileType = sourcecode.swift; path = GalleryService.swift; sourceTree = "<group>"; };
		89FE88C52522160300D15837 /* Photo.swift */ = {isa = PBXFileReference; lastKnownFileType = sourcecode.swift; path = Photo.swift; sourceTree = "<group>"; };
/* End PBXFileReference section */

/* Begin PBXFrameworksBuildPhase section */
		8929302A251D1A9B000745B1 /* Frameworks */ = {
			isa = PBXFrameworksBuildPhase;
			buildActionMask = 2147483647;
			files = (
			);
			runOnlyForDeploymentPostprocessing = 0;
		};
		89293040251D1A9D000745B1 /* Frameworks */ = {
			isa = PBXFrameworksBuildPhase;
			buildActionMask = 2147483647;
			files = (
			);
			runOnlyForDeploymentPostprocessing = 0;
		};
/* End PBXFrameworksBuildPhase section */

/* Begin PBXGroup section */
		89293024251D1A9B000745B1 = {
			isa = PBXGroup;
			children = (
				8929302F251D1A9B000745B1 /* MinGallery */,
				89293046251D1A9D000745B1 /* MinGalleryTests */,
				8929302E251D1A9B000745B1 /* Products */,
			);
			sourceTree = "<group>";
		};
		8929302E251D1A9B000745B1 /* Products */ = {
			isa = PBXGroup;
			children = (
				8929302D251D1A9B000745B1 /* MinGallery.app */,
				89293043251D1A9D000745B1 /* MinGalleryTests.xctest */,
			);
			name = Products;
			sourceTree = "<group>";
		};
		8929302F251D1A9B000745B1 /* MinGallery */ = {
			isa = PBXGroup;
			children = (
				89293053251D3BD7000745B1 /* Model */,
				895F220F25221D0800CDB51A /* ViewModel */,
				89293054251D3BDD000745B1 /* View */,
				89293052251D3BC9000745B1 /* Services */,
				89293055251D3CA6000745B1 /* Storyboards */,
				89293057251D3EA8000745B1 /* Coordinator */,
				89293056251D3CB3000745B1 /* Assets */,
				895F2218252248DD00CDB51A /* extensions */,
				89293030251D1A9B000745B1 /* AppDelegate.swift */,
				8929303E251D1A9D000745B1 /* Info.plist */,
				895F22162522307F00CDB51A /* Box.swift */,
			);
			path = MinGallery;
			sourceTree = "<group>";
		};
		89293046251D1A9D000745B1 /* MinGalleryTests */ = {
			isa = PBXGroup;
			children = (
				89293047251D1A9D000745B1 /* MinGalleryTests.swift */,
				89293049251D1A9D000745B1 /* Info.plist */,
			);
			path = MinGalleryTests;
			sourceTree = "<group>";
		};
		89293052251D3BC9000745B1 /* Services */ = {
			isa = PBXGroup;
			children = (
				89FE88C32522158F00D15837 /* GalleryService.swift */,
			);
			path = Services;
			sourceTree = "<group>";
		};
		89293053251D3BD7000745B1 /* Model */ = {
			isa = PBXGroup;
			children = (
				89FE88C52522160300D15837 /* Photo.swift */,
				895F221225222B8100CDB51A /* Photos.swift */,
				895F221425222EA100CDB51A /* FlickrResponse.swift */,
			);
			path = Model;
			sourceTree = "<group>";
		};
		89293054251D3BDD000745B1 /* View */ = {
			isa = PBXGroup;
			children = (
				8929305C251D41CB000745B1 /* GalleryViewController.swift */,
				895F221B2522542600CDB51A /* PhotoCollectionViewCell.swift */,
			);
			path = View;
			sourceTree = "<group>";
		};
		89293055251D3CA6000745B1 /* Storyboards */ = {
			isa = PBXGroup;
			children = (
				89293036251D1A9B000745B1 /* Main.storyboard */,
				8929303B251D1A9D000745B1 /* LaunchScreen.storyboard */,
			);
			path = Storyboards;
			sourceTree = "<group>";
		};
		89293056251D3CB3000745B1 /* Assets */ = {
			isa = PBXGroup;
			children = (
				89293039251D1A9D000745B1 /* Assets.xcassets */,
			);
			path = Assets;
			sourceTree = "<group>";
		};
		89293057251D3EA8000745B1 /* Coordinator */ = {
			isa = PBXGroup;
			children = (
				89293060251D42AC000745B1 /* Coordinator.swift */,
				89293058251D3EDE000745B1 /* ApplicationCoordinator.swift */,
				8929305A251D40CF000745B1 /* GalleryCoordinator.swift */,
			);
			path = Coordinator;
			sourceTree = "<group>";
		};
		895F220F25221D0800CDB51A /* ViewModel */ = {
			isa = PBXGroup;
			children = (
				895F221025221D9C00CDB51A /* GalleyViewModel.swift */,
			);
			path = ViewModel;
			sourceTree = "<group>";
		};
		895F2218252248DD00CDB51A /* extensions */ = {
			isa = PBXGroup;
			children = (
				895F2219252248F500CDB51A /* UIImageView+extension.swift */,
			);
			path = extensions;
			sourceTree = "<group>";
		};
/* End PBXGroup section */

/* Begin PBXNativeTarget section */
		8929302C251D1A9B000745B1 /* MinGallery */ = {
			isa = PBXNativeTarget;
			buildConfigurationList = 8929304C251D1A9E000745B1 /* Build configuration list for PBXNativeTarget "MinGallery" */;
			buildPhases = (
				89293029251D1A9B000745B1 /* Sources */,
				8929302A251D1A9B000745B1 /* Frameworks */,
				8929302B251D1A9B000745B1 /* Resources */,
			);
			buildRules = (
			);
			dependencies = (
			);
			name = MinGallery;
			productName = MinGallery;
			productReference = 8929302D251D1A9B000745B1 /* MinGallery.app */;
			productType = "com.apple.product-type.application";
		};
		89293042251D1A9D000745B1 /* MinGalleryTests */ = {
			isa = PBXNativeTarget;
			buildConfigurationList = 8929304F251D1A9E000745B1 /* Build configuration list for PBXNativeTarget "MinGalleryTests" */;
			buildPhases = (
				8929303F251D1A9D000745B1 /* Sources */,
				89293040251D1A9D000745B1 /* Frameworks */,
				89293041251D1A9D000745B1 /* Resources */,
			);
			buildRules = (
			);
			dependencies = (
				89293045251D1A9D000745B1 /* PBXTargetDependency */,
			);
			name = MinGalleryTests;
			productName = MinGalleryTests;
			productReference = 89293043251D1A9D000745B1 /* MinGalleryTests.xctest */;
			productType = "com.apple.product-type.bundle.unit-test";
		};
/* End PBXNativeTarget section */

/* Begin PBXProject section */
		89293025251D1A9B000745B1 /* Project object */ = {
			isa = PBXProject;
			attributes = {
				LastSwiftUpdateCheck = 1130;
				LastUpgradeCheck = 1130;
				ORGANIZATIONNAME = "Nicolau Atala";
				TargetAttributes = {
					8929302C251D1A9B000745B1 = {
						CreatedOnToolsVersion = 11.3.1;
					};
					89293042251D1A9D000745B1 = {
						CreatedOnToolsVersion = 11.3.1;
						TestTargetID = 8929302C251D1A9B000745B1;
					};
				};
			};
			buildConfigurationList = 89293028251D1A9B000745B1 /* Build configuration list for PBXProject "MinGallery" */;
			compatibilityVersion = "Xcode 9.3";
			developmentRegion = en;
			hasScannedForEncodings = 0;
			knownRegions = (
				en,
				Base,
			);
			mainGroup = 89293024251D1A9B000745B1;
			productRefGroup = 8929302E251D1A9B000745B1 /* Products */;
			projectDirPath = "";
			projectRoot = "";
			targets = (
				8929302C251D1A9B000745B1 /* MinGallery */,
				89293042251D1A9D000745B1 /* MinGalleryTests */,
			);
		};
/* End PBXProject section */

/* Begin PBXResourcesBuildPhase section */
		8929302B251D1A9B000745B1 /* Resources */ = {
			isa = PBXResourcesBuildPhase;
			buildActionMask = 2147483647;
			files = (
				8929303D251D1A9D000745B1 /* LaunchScreen.storyboard in Resources */,
				8929303A251D1A9D000745B1 /* Assets.xcassets in Resources */,
				89293038251D1A9B000745B1 /* Main.storyboard in Resources */,
			);
			runOnlyForDeploymentPostprocessing = 0;
		};
		89293041251D1A9D000745B1 /* Resources */ = {
			isa = PBXResourcesBuildPhase;
			buildActionMask = 2147483647;
			files = (
			);
			runOnlyForDeploymentPostprocessing = 0;
		};
/* End PBXResourcesBuildPhase section */

/* Begin PBXSourcesBuildPhase section */
		89293029251D1A9B000745B1 /* Sources */ = {
			isa = PBXSourcesBuildPhase;
			buildActionMask = 2147483647;
			files = (
				89FE88C62522160300D15837 /* Photo.swift in Sources */,
				895F221C2522542600CDB51A /* PhotoCollectionViewCell.swift in Sources */,
				8929305B251D40CF000745B1 /* GalleryCoordinator.swift in Sources */,
				89FE88C42522158F00D15837 /* GalleryService.swift in Sources */,
				89293059251D3EDE000745B1 /* ApplicationCoordinator.swift in Sources */,
				895F221325222B8100CDB51A /* Photos.swift in Sources */,
				8929305E251D41CB000745B1 /* GalleryViewController.swift in Sources */,
				895F22172522307F00CDB51A /* Box.swift in Sources */,
				89293031251D1A9B000745B1 /* AppDelegate.swift in Sources */,
				89293061251D42AC000745B1 /* Coordinator.swift in Sources */,
				895F221525222EA100CDB51A /* FlickrResponse.swift in Sources */,
				895F221125221D9C00CDB51A /* GalleyViewModel.swift in Sources */,
				895F221A252248F500CDB51A /* UIImageView+extension.swift in Sources */,
			);
			runOnlyForDeploymentPostprocessing = 0;
		};
		8929303F251D1A9D000745B1 /* Sources */ = {
			isa = PBXSourcesBuildPhase;
			buildActionMask = 2147483647;
			files = (
				89293048251D1A9D000745B1 /* MinGalleryTests.swift in Sources */,
			);
			runOnlyForDeploymentPostprocessing = 0;
		};
/* End PBXSourcesBuildPhase section */

/* Begin PBXTargetDependency section */
		89293045251D1A9D000745B1 /* PBXTargetDependency */ = {
			isa = PBXTargetDependency;
			target = 8929302C251D1A9B000745B1 /* MinGallery */;
			targetProxy = 89293044251D1A9D000745B1 /* PBXContainerItemProxy */;
		};
/* End PBXTargetDependency section */

/* Begin PBXVariantGroup section */
		89293036251D1A9B000745B1 /* Main.storyboard */ = {
			isa = PBXVariantGroup;
			children = (
				89293037251D1A9B000745B1 /* Base */,
			);
			name = Main.storyboard;
			sourceTree = "<group>";
		};
		8929303B251D1A9D000745B1 /* LaunchScreen.storyboard */ = {
			isa = PBXVariantGroup;
			children = (
				8929303C251D1A9D000745B1 /* Base */,
			);
			name = LaunchScreen.storyboard;
			sourceTree = "<group>";
		};
/* End PBXVariantGroup section */

/* Begin XCBuildConfiguration section */
		8929304A251D1A9E000745B1 /* Debug */ = {
			isa = XCBuildConfiguration;
			buildSettings = {
				ALWAYS_SEARCH_USER_PATHS = NO;
				CLANG_ANALYZER_NONNULL = YES;
				CLANG_ANALYZER_NUMBER_OBJECT_CONVERSION = YES_AGGRESSIVE;
				CLANG_CXX_LANGUAGE_STANDARD = "gnu++14";
				CLANG_CXX_LIBRARY = "libc++";
				CLANG_ENABLE_MODULES = YES;
				CLANG_ENABLE_OBJC_ARC = YES;
				CLANG_ENABLE_OBJC_WEAK = YES;
				CLANG_WARN_BLOCK_CAPTURE_AUTORELEASING = YES;
				CLANG_WARN_BOOL_CONVERSION = YES;
				CLANG_WARN_COMMA = YES;
				CLANG_WARN_CONSTANT_CONVERSION = YES;
				CLANG_WARN_DEPRECATED_OBJC_IMPLEMENTATIONS = YES;
				CLANG_WARN_DIRECT_OBJC_ISA_USAGE = YES_ERROR;
				CLANG_WARN_DOCUMENTATION_COMMENTS = YES;
				CLANG_WARN_EMPTY_BODY = YES;
				CLANG_WARN_ENUM_CONVERSION = YES;
				CLANG_WARN_INFINITE_RECURSION = YES;
				CLANG_WARN_INT_CONVERSION = YES;
				CLANG_WARN_NON_LITERAL_NULL_CONVERSION = YES;
				CLANG_WARN_OBJC_IMPLICIT_RETAIN_SELF = YES;
				CLANG_WARN_OBJC_LITERAL_CONVERSION = YES;
				CLANG_WARN_OBJC_ROOT_CLASS = YES_ERROR;
				CLANG_WARN_RANGE_LOOP_ANALYSIS = YES;
				CLANG_WARN_STRICT_PROTOTYPES = YES;
				CLANG_WARN_SUSPICIOUS_MOVE = YES;
				CLANG_WARN_UNGUARDED_AVAILABILITY = YES_AGGRESSIVE;
				CLANG_WARN_UNREACHABLE_CODE = YES;
				CLANG_WARN__DUPLICATE_METHOD_MATCH = YES;
				COPY_PHASE_STRIP = NO;
				DEBUG_INFORMATION_FORMAT = dwarf;
				ENABLE_STRICT_OBJC_MSGSEND = YES;
				ENABLE_TESTABILITY = YES;
				GCC_C_LANGUAGE_STANDARD = gnu11;
				GCC_DYNAMIC_NO_PIC = NO;
				GCC_NO_COMMON_BLOCKS = YES;
				GCC_OPTIMIZATION_LEVEL = 0;
				GCC_PREPROCESSOR_DEFINITIONS = (
					"DEBUG=1",
					"$(inherited)",
				);
				GCC_WARN_64_TO_32_BIT_CONVERSION = YES;
				GCC_WARN_ABOUT_RETURN_TYPE = YES_ERROR;
				GCC_WARN_UNDECLARED_SELECTOR = YES;
				GCC_WARN_UNINITIALIZED_AUTOS = YES_AGGRESSIVE;
				GCC_WARN_UNUSED_FUNCTION = YES;
				GCC_WARN_UNUSED_VARIABLE = YES;
				IPHONEOS_DEPLOYMENT_TARGET = 13.2;
				MTL_ENABLE_DEBUG_INFO = INCLUDE_SOURCE;
				MTL_FAST_MATH = YES;
				ONLY_ACTIVE_ARCH = YES;
				SDKROOT = iphoneos;
				SWIFT_ACTIVE_COMPILATION_CONDITIONS = DEBUG;
				SWIFT_OPTIMIZATION_LEVEL = "-Onone";
			};
			name = Debug;
		};
		8929304B251D1A9E000745B1 /* Release */ = {
			isa = XCBuildConfiguration;
			buildSettings = {
				ALWAYS_SEARCH_USER_PATHS = NO;
				CLANG_ANALYZER_NONNULL = YES;
				CLANG_ANALYZER_NUMBER_OBJECT_CONVERSION = YES_AGGRESSIVE;
				CLANG_CXX_LANGUAGE_STANDARD = "gnu++14";
				CLANG_CXX_LIBRARY = "libc++";
				CLANG_ENABLE_MODULES = YES;
				CLANG_ENABLE_OBJC_ARC = YES;
				CLANG_ENABLE_OBJC_WEAK = YES;
				CLANG_WARN_BLOCK_CAPTURE_AUTORELEASING = YES;
				CLANG_WARN_BOOL_CONVERSION = YES;
				CLANG_WARN_COMMA = YES;
				CLANG_WARN_CONSTANT_CONVERSION = YES;
				CLANG_WARN_DEPRECATED_OBJC_IMPLEMENTATIONS = YES;
				CLANG_WARN_DIRECT_OBJC_ISA_USAGE = YES_ERROR;
				CLANG_WARN_DOCUMENTATION_COMMENTS = YES;
				CLANG_WARN_EMPTY_BODY = YES;
				CLANG_WARN_ENUM_CONVERSION = YES;
				CLANG_WARN_INFINITE_RECURSION = YES;
				CLANG_WARN_INT_CONVERSION = YES;
				CLANG_WARN_NON_LITERAL_NULL_CONVERSION = YES;
				CLANG_WARN_OBJC_IMPLICIT_RETAIN_SELF = YES;
				CLANG_WARN_OBJC_LITERAL_CONVERSION = YES;
				CLANG_WARN_OBJC_ROOT_CLASS = YES_ERROR;
				CLANG_WARN_RANGE_LOOP_ANALYSIS = YES;
				CLANG_WARN_STRICT_PROTOTYPES = YES;
				CLANG_WARN_SUSPICIOUS_MOVE = YES;
				CLANG_WARN_UNGUARDED_AVAILABILITY = YES_AGGRESSIVE;
				CLANG_WARN_UNREACHABLE_CODE = YES;
				CLANG_WARN__DUPLICATE_METHOD_MATCH = YES;
				COPY_PHASE_STRIP = NO;
				DEBUG_INFORMATION_FORMAT = "dwarf-with-dsym";
				ENABLE_NS_ASSERTIONS = NO;
				ENABLE_STRICT_OBJC_MSGSEND = YES;
				GCC_C_LANGUAGE_STANDARD = gnu11;
				GCC_NO_COMMON_BLOCKS = YES;
				GCC_WARN_64_TO_32_BIT_CONVERSION = YES;
				GCC_WARN_ABOUT_RETURN_TYPE = YES_ERROR;
				GCC_WARN_UNDECLARED_SELECTOR = YES;
				GCC_WARN_UNINITIALIZED_AUTOS = YES_AGGRESSIVE;
				GCC_WARN_UNUSED_FUNCTION = YES;
				GCC_WARN_UNUSED_VARIABLE = YES;
				IPHONEOS_DEPLOYMENT_TARGET = 13.2;
				MTL_ENABLE_DEBUG_INFO = NO;
				MTL_FAST_MATH = YES;
				SDKROOT = iphoneos;
				SWIFT_COMPILATION_MODE = wholemodule;
				SWIFT_OPTIMIZATION_LEVEL = "-O";
				VALIDATE_PRODUCT = YES;
			};
			name = Release;
		};
		8929304D251D1A9E000745B1 /* Debug */ = {
			isa = XCBuildConfiguration;
			buildSettings = {
				ASSETCATALOG_COMPILER_APPICON_NAME = AppIcon;
				CODE_SIGN_STYLE = Automatic;
				DEVELOPMENT_TEAM = ZXYSZCCRU7;
				INFOPLIST_FILE = MinGallery/Info.plist;
				LD_RUNPATH_SEARCH_PATHS = (
					"$(inherited)",
					"@executable_path/Frameworks",
				);
				PRODUCT_BUNDLE_IDENTIFIER = nicolauatala.app.MinGallery;
				PRODUCT_NAME = "$(TARGET_NAME)";
				SWIFT_VERSION = 5.0;
				TARGETED_DEVICE_FAMILY = "1,2";
			};
			name = Debug;
		};
		8929304E251D1A9E000745B1 /* Release */ = {
			isa = XCBuildConfiguration;
			buildSettings = {
				ASSETCATALOG_COMPILER_APPICON_NAME = AppIcon;
				CODE_SIGN_STYLE = Automatic;
				DEVELOPMENT_TEAM = ZXYSZCCRU7;
				INFOPLIST_FILE = MinGallery/Info.plist;
				LD_RUNPATH_SEARCH_PATHS = (
					"$(inherited)",
					"@executable_path/Frameworks",
				);
				PRODUCT_BUNDLE_IDENTIFIER = nicolauatala.app.MinGallery;
				PRODUCT_NAME = "$(TARGET_NAME)";
				SWIFT_VERSION = 5.0;
				TARGETED_DEVICE_FAMILY = "1,2";
			};
			name = Release;
		};
		89293050251D1A9E000745B1 /* Debug */ = {
			isa = XCBuildConfiguration;
			buildSettings = {
				ALWAYS_EMBED_SWIFT_STANDARD_LIBRARIES = YES;
				BUNDLE_LOADER = "$(TEST_HOST)";
				CODE_SIGN_STYLE = Automatic;
				DEVELOPMENT_TEAM = ZXYSZCCRU7;
				INFOPLIST_FILE = MinGalleryTests/Info.plist;
				IPHONEOS_DEPLOYMENT_TARGET = 13.2;
				LD_RUNPATH_SEARCH_PATHS = (
					"$(inherited)",
					"@executable_path/Frameworks",
					"@loader_path/Frameworks",
				);
				PRODUCT_BUNDLE_IDENTIFIER = nicolauatala.app.MinGalleryTests;
				PRODUCT_NAME = "$(TARGET_NAME)";
				SWIFT_VERSION = 5.0;
				TARGETED_DEVICE_FAMILY = "1,2";
				TEST_HOST = "$(BUILT_PRODUCTS_DIR)/MinGallery.app/MinGallery";
			};
			name = Debug;
		};
		89293051251D1A9E000745B1 /* Release */ = {
			isa = XCBuildConfiguration;
			buildSettings = {
				ALWAYS_EMBED_SWIFT_STANDARD_LIBRARIES = YES;
				BUNDLE_LOADER = "$(TEST_HOST)";
				CODE_SIGN_STYLE = Automatic;
				DEVELOPMENT_TEAM = ZXYSZCCRU7;
				INFOPLIST_FILE = MinGalleryTests/Info.plist;
				IPHONEOS_DEPLOYMENT_TARGET = 13.2;
				LD_RUNPATH_SEARCH_PATHS = (
					"$(inherited)",
					"@executable_path/Frameworks",
					"@loader_path/Frameworks",
				);
				PRODUCT_BUNDLE_IDENTIFIER = nicolauatala.app.MinGalleryTests;
				PRODUCT_NAME = "$(TARGET_NAME)";
				SWIFT_VERSION = 5.0;
				TARGETED_DEVICE_FAMILY = "1,2";
				TEST_HOST = "$(BUILT_PRODUCTS_DIR)/MinGallery.app/MinGallery";
			};
			name = Release;
		};
/* End XCBuildConfiguration section */

/* Begin XCConfigurationList section */
		89293028251D1A9B000745B1 /* Build configuration list for PBXProject "MinGallery" */ = {
			isa = XCConfigurationList;
			buildConfigurations = (
				8929304A251D1A9E000745B1 /* Debug */,
				8929304B251D1A9E000745B1 /* Release */,
			);
			defaultConfigurationIsVisible = 0;
			defaultConfigurationName = Release;
		};
		8929304C251D1A9E000745B1 /* Build configuration list for PBXNativeTarget "MinGallery" */ = {
			isa = XCConfigurationList;
			buildConfigurations = (
				8929304D251D1A9E000745B1 /* Debug */,
				8929304E251D1A9E000745B1 /* Release */,
			);
			defaultConfigurationIsVisible = 0;
			defaultConfigurationName = Release;
		};
		8929304F251D1A9E000745B1 /* Build configuration list for PBXNativeTarget "MinGalleryTests" */ = {
			isa = XCConfigurationList;
			buildConfigurations = (
				89293050251D1A9E000745B1 /* Debug */,
				89293051251D1A9E000745B1 /* Release */,
			);
			defaultConfigurationIsVisible = 0;
			defaultConfigurationName = Release;
		};
/* End XCConfigurationList section */
	};
	rootObject = 89293025251D1A9B000745B1 /* Project object */;
}
